
Microsoft Visual Studio Solution File, Format Version 12.00
# Visual Studio Version 16
VisualStudioVersion = 16.0.30011.22
MinimumVisualStudioVersion = 10.0.40219.1
Project("{F184B08F-C81C-45F6-A57F-5ABD9991F28F}") = "SoftDev", "SoftDev\SoftDev.vbproj", "{EAC0F612-A279-0E16-3734-662767356B2E}"
EndProject
Project("{2150E333-8FDC-42A3-9474-1A3956D46DE8}") = "data", "data", "{78F9363B-F0E6-4261-8490-6550F6F341D1}"
	ProjectSection(SolutionItems) = preProject
		corpus.json = corpus.json
		example.json = example.json
	EndProjectSection
EndProject
Project("{F184B08F-C81C-45F6-A57F-5ABD9991F28F}") = "SoftDev.Tests", "SoftDev.Tests\SoftDev.Tests.vbproj", "{65FF6309-8D12-05DE-0126-1432532657CE}"
EndProject
Global
	GlobalSection(SolutionConfigurationPlatforms) = preSolution
		Debug|Any CPU = Debug|Any CPU
		Release|Any CPU = Release|Any CPU
	EndGlobalSection
	GlobalSection(ProjectConfigurationPlatforms) = postSolution
		{EAC0F612-A279-0E16-3734-662767356B2E}.Debug|Any CPU.ActiveCfg = Debug|Any CPU
		{EAC0F612-A279-0E16-3734-662767356B2E}.Debug|Any CPU.Build.0 = Debug|Any CPU
		{EAC0F612-A279-0E16-3734-662767356B2E}.Release|Any CPU.ActiveCfg = Release|Any CPU
		{EAC0F612-A279-0E16-3734-662767356B2E}.Release|Any CPU.Build.0 = Release|Any CPU
		{65FF6309-8D12-05DE-0126-1432532657CE}.Debug|Any CPU.ActiveCfg = Debug|Any CPU
		{65FF6309-8D12-05DE-0126-1432532657CE}.Debug|Any CPU.Build.0 = Debug|Any CPU
		{65FF6309-8D12-05DE-0126-1432532657CE}.Release|Any CPU.ActiveCfg = Release|Any CPU
		{65FF6309-8D12-05DE-0126-1432532657CE}.Release|Any CPU.Build.0 = Release|Any CPU
	EndGlobalSection
	GlobalSection(SolutionProperties) = preSolution
		HideSolutionNode = FALSE
	EndGlobalSection
	GlobalSection(ExtensibilityGlobals) = postSolution
		SolutionGuid = {9BA714A1-7BDF-4F7B-89F5-9C72B3669F2B}
	EndGlobalSection
EndGlobal
